
Microsoft Visual Studio Solution File, Format Version 12.00
# Visual Studio Version 17
VisualStudioVersion = 17.9.34728.123
MinimumVisualStudioVersion = 10.0.40219.1
Project("{9A19103F-16F7-4668-BE54-9A1E7A4F7556}") = "IdentityApp", "IdentityApp\IdentityApp.csproj", "{6E66550C-7C0C-4E82-AFC2-361A04ABFA25}"
EndProject
Global
	GlobalSection(SolutionConfigurationPlatforms) = preSolution
		Debug|Any CPU = Debug|Any CPU
		Release|Any CPU = Release|Any CPU
	EndGlobalSection
	GlobalSection(ProjectConfigurationPlatforms) = postSolution
		{6E66550C-7C0C-4E82-AFC2-361A04ABFA25}.Debug|Any CPU.ActiveCfg = Debug|Any CPU
		{6E66550C-7C0C-4E82-AFC2-361A04ABFA25}.Debug|Any CPU.Build.0 = Debug|Any CPU
		{6E66550C-7C0C-4E82-AFC2-361A04ABFA25}.Release|Any CPU.ActiveCfg = Release|Any CPU
		{6E66550C-7C0C-4E82-AFC2-361A04ABFA25}.Release|Any CPU.Build.0 = Release|Any CPU
	EndGlobalSection
	GlobalSection(SolutionProperties) = preSolution
		HideSolutionNode = FALSE
	EndGlobalSection
	GlobalSection(ExtensibilityGlobals) = postSolution
		SolutionGuid = {512E7BC0-7E86-445E-8668-DA587F01B624}
	EndGlobalSection
EndGlobal
